// !$*UTF8*$!
{
	archiveVersion = 1;
	classes = {
	};
	objectVersion = 50;
	objects = {

/* Begin PBXBuildFile section */
		098B2B6C2585B35100148BD4 /* exNavigationLink2App.swift in Sources */ = {isa = PBXBuildFile; fileRef = 098B2B6B2585B35100148BD4 /* exNavigationLink2App.swift */; };
		098B2B6E2585B35100148BD4 /* ContentView.swift in Sources */ = {isa = PBXBuildFile; fileRef = 098B2B6D2585B35100148BD4 /* ContentView.swift */; };
		098B2B702585B35300148BD4 /* Assets.xcassets in Resources */ = {isa = PBXBuildFile; fileRef = 098B2B6F2585B35300148BD4 /* Assets.xcassets */; };
		098B2B732585B35300148BD4 /* Preview Assets.xcassets in Resources */ = {isa = PBXBuildFile; fileRef = 098B2B722585B35300148BD4 /* Preview Assets.xcassets */; };
		098B2B7E2585B35300148BD4 /* exNavigationLink2Tests.swift in Sources */ = {isa = PBXBuildFile; fileRef = 098B2B7D2585B35300148BD4 /* exNavigationLink2Tests.swift */; };
		098B2B892585B35300148BD4 /* exNavigationLink2UITests.swift in Sources */ = {isa = PBXBuildFile; fileRef = 098B2B882585B35300148BD4 /* exNavigationLink2UITests.swift */; };
/* End PBXBuildFile section */

/* Begin PBXContainerItemProxy section */
		098B2B7A2585B35300148BD4 /* PBXContainerItemProxy */ = {
			isa = PBXContainerItemProxy;
			containerPortal = 098B2B602585B35100148BD4 /* Project object */;
			proxyType = 1;
			remoteGlobalIDString = 098B2B672585B35100148BD4;
			remoteInfo = exNavigationLink2;
		};
		098B2B852585B35300148BD4 /* PBXContainerItemProxy */ = {
			isa = PBXContainerItemProxy;
			containerPortal = 098B2B602585B35100148BD4 /* Project object */;
			proxyType = 1;
			remoteGlobalIDString = 098B2B672585B35100148BD4;
			remoteInfo = exNavigationLink2;
		};
/* End PBXContainerItemProxy section */

/* Begin PBXFileReference section */
		098B2B682585B35100148BD4 /* exNavigationLink2.app */ = {isa = PBXFileReference; explicitFileType = wrapper.application; includeInIndex = 0; path = exNavigationLink2.app; sourceTree = BUILT_PRODUCTS_DIR; };
		098B2B6B2585B35100148BD4 /* exNavigationLink2App.swift */ = {isa = PBXFileReference; lastKnownFileType = sourcecode.swift; path = exNavigationLink2App.swift; sourceTree = "<group>"; };
		098B2B6D2585B35100148BD4 /* ContentView.swift */ = {isa = PBXFileReference; lastKnownFileType = sourcecode.swift; path = ContentView.swift; sourceTree = "<group>"; };
		098B2B6F2585B35300148BD4 /* Assets.xcassets */ = {isa = PBXFileReference; lastKnownFileType = folder.assetcatalog; path = Assets.xcassets; sourceTree = "<group>"; };
		098B2B722585B35300148BD4 /* Preview Assets.xcassets */ = {isa = PBXFileReference; lastKnownFileType = folder.assetcatalog; path = "Preview Assets.xcassets"; sourceTree = "<group>"; };
		098B2B742585B35300148BD4 /* Info.plist */ = {isa = PBXFileReference; lastKnownFileType = text.plist.xml; path = Info.plist; sourceTree = "<group>"; };
		098B2B792585B35300148BD4 /* exNavigationLink2Tests.xctest */ = {isa = PBXFileReference; explicitFileType = wrapper.cfbundle; includeInIndex = 0; path = exNavigationLink2Tests.xctest; sourceTree = BUILT_PRODUCTS_DIR; };
		098B2B7D2585B35300148BD4 /* exNavigationLink2Tests.swift */ = {isa = PBXFileReference; lastKnownFileType = sourcecode.swift; path = exNavigationLink2Tests.swift; sourceTree = "<group>"; };
		098B2B7F2585B35300148BD4 /* Info.plist */ = {isa = PBXFileReference; lastKnownFileType = text.plist.xml; path = Info.plist; sourceTree = "<group>"; };
		098B2B842585B35300148BD4 /* exNavigationLink2UITests.xctest */ = {isa = PBXFileReference; explicitFileType = wrapper.cfbundle; includeInIndex = 0; path = exNavigationLink2UITests.xctest; sourceTree = BUILT_PRODUCTS_DIR; };
		098B2B882585B35300148BD4 /* exNavigationLink2UITests.swift */ = {isa = PBXFileReference; lastKnownFileType = sourcecode.swift; path = exNavigationLink2UITests.swift; sourceTree = "<group>"; };
		098B2B8A2585B35300148BD4 /* Info.plist */ = {isa = PBXFileReference; lastKnownFileType = text.plist.xml; path = Info.plist; sourceTree = "<group>"; };
/* End PBXFileReference section */

/* Begin PBXFrameworksBuildPhase section */
		098B2B652585B35100148BD4 /* Frameworks */ = {
			isa = PBXFrameworksBuildPhase;
			buildActionMask = 2147483647;
			files = (
			);
			runOnlyForDeploymentPostprocessing = 0;
		};
		098B2B762585B35300148BD4 /* Frameworks */ = {
			isa = PBXFrameworksBuildPhase;
			buildActionMask = 2147483647;
			files = (
			);
			runOnlyForDeploymentPostprocessing = 0;
		};
		098B2B812585B35300148BD4 /* Frameworks */ = {
			isa = PBXFrameworksBuildPhase;
			buildActionMask = 2147483647;
			files = (
			);
			runOnlyForDeploymentPostprocessing = 0;
		};
/* End PBXFrameworksBuildPhase section */

/* Begin PBXGroup section */
		098B2B5F2585B35100148BD4 = {
			isa = PBXGroup;
			children = (
				098B2B6A2585B35100148BD4 /* exNavigationLink2 */,
				098B2B7C2585B35300148BD4 /* exNavigationLink2Tests */,
				098B2B872585B35300148BD4 /* exNavigationLink2UITests */,
				098B2B692585B35100148BD4 /* Products */,
			);
			sourceTree = "<group>";
		};
		098B2B692585B35100148BD4 /* Products */ = {
			isa = PBXGroup;
			children = (
				098B2B682585B35100148BD4 /* exNavigationLink2.app */,
				098B2B792585B35300148BD4 /* exNavigationLink2Tests.xctest */,
				098B2B842585B35300148BD4 /* exNavigationLink2UITests.xctest */,
			);
			name = Products;
			sourceTree = "<group>";
		};
		098B2B6A2585B35100148BD4 /* exNavigationLink2 */ = {
			isa = PBXGroup;
			children = (
				098B2B6B2585B35100148BD4 /* exNavigationLink2App.swift */,
				098B2B6D2585B35100148BD4 /* ContentView.swift */,
				098B2B6F2585B35300148BD4 /* Assets.xcassets */,
				098B2B742585B35300148BD4 /* Info.plist */,
				098B2B712585B35300148BD4 /* Preview Content */,
			);
			path = exNavigationLink2;
			sourceTree = "<group>";
		};
		098B2B712585B35300148BD4 /* Preview Content */ = {
			isa = PBXGroup;
			children = (
				098B2B722585B35300148BD4 /* Preview Assets.xcassets */,
			);
			path = "Preview Content";
			sourceTree = "<group>";
		};
		098B2B7C2585B35300148BD4 /* exNavigationLink2Tests */ = {
			isa = PBXGroup;
			children = (
				098B2B7D2585B35300148BD4 /* exNavigationLink2Tests.swift */,
				098B2B7F2585B35300148BD4 /* Info.plist */,
			);
			path = exNavigationLink2Tests;
			sourceTree = "<group>";
		};
		098B2B872585B35300148BD4 /* exNavigationLink2UITests */ = {
			isa = PBXGroup;
			children = (
				098B2B882585B35300148BD4 /* exNavigationLink2UITests.swift */,
				098B2B8A2585B35300148BD4 /* Info.plist */,
			);
			path = exNavigationLink2UITests;
			sourceTree = "<group>";
		};
/* End PBXGroup section */

/* Begin PBXNativeTarget section */
		098B2B672585B35100148BD4 /* exNavigationLink2 */ = {
			isa = PBXNativeTarget;
			buildConfigurationList = 098B2B8D2585B35300148BD4 /* Build configuration list for PBXNativeTarget "exNavigationLink2" */;
			buildPhases = (
				098B2B642585B35100148BD4 /* Sources */,
				098B2B652585B35100148BD4 /* Frameworks */,
				098B2B662585B35100148BD4 /* Resources */,
			);
			buildRules = (
			);
			dependencies = (
			);
			name = exNavigationLink2;
			productName = exNavigationLink2;
			productReference = 098B2B682585B35100148BD4 /* exNavigationLink2.app */;
			productType = "com.apple.product-type.application";
		};
		098B2B782585B35300148BD4 /* exNavigationLink2Tests */ = {
			isa = PBXNativeTarget;
			buildConfigurationList = 098B2B902585B35300148BD4 /* Build configuration list for PBXNativeTarget "exNavigationLink2Tests" */;
			buildPhases = (
				098B2B752585B35300148BD4 /* Sources */,
				098B2B762585B35300148BD4 /* Frameworks */,
				098B2B772585B35300148BD4 /* Resources */,
			);
			buildRules = (
			);
			dependencies = (
				098B2B7B2585B35300148BD4 /* PBXTargetDependency */,
			);
			name = exNavigationLink2Tests;
			productName = exNavigationLink2Tests;
			productReference = 098B2B792585B35300148BD4 /* exNavigationLink2Tests.xctest */;
			productType = "com.apple.product-type.bundle.unit-test";
		};
		098B2B832585B35300148BD4 /* exNavigationLink2UITests */ = {
			isa = PBXNativeTarget;
			buildConfigurationList = 098B2B932585B35300148BD4 /* Build configuration list for PBXNativeTarget "exNavigationLink2UITests" */;
			buildPhases = (
				098B2B802585B35300148BD4 /* Sources */,
				098B2B812585B35300148BD4 /* Frameworks */,
				098B2B822585B35300148BD4 /* Resources */,
			);
			buildRules = (
			);
			dependencies = (
				098B2B862585B35300148BD4 /* PBXTargetDependency */,
			);
			name = exNavigationLink2UITests;
			productName = exNavigationLink2UITests;
			productReference = 098B2B842585B35300148BD4 /* exNavigationLink2UITests.xctest */;
			productType = "com.apple.product-type.bundle.ui-testing";
		};
/* End PBXNativeTarget section */

/* Begin PBXProject section */
		098B2B602585B35100148BD4 /* Project object */ = {
			isa = PBXProject;
			attributes = {
				LastSwiftUpdateCheck = 1220;
				LastUpgradeCheck = 1220;
				TargetAttributes = {
					098B2B672585B35100148BD4 = {
						CreatedOnToolsVersion = 12.2;
					};
					098B2B782585B35300148BD4 = {
						CreatedOnToolsVersion = 12.2;
						TestTargetID = 098B2B672585B35100148BD4;
					};
					098B2B832585B35300148BD4 = {
						CreatedOnToolsVersion = 12.2;
						TestTargetID = 098B2B672585B35100148BD4;
					};
				};
			};
			buildConfigurationList = 098B2B632585B35100148BD4 /* Build configuration list for PBXProject "exNavigationLink2" */;
			compatibilityVersion = "Xcode 9.3";
			developmentRegion = en;
			hasScannedForEncodings = 0;
			knownRegions = (
				en,
				Base,
			);
			mainGroup = 098B2B5F2585B35100148BD4;
			productRefGroup = 098B2B692585B35100148BD4 /* Products */;
			projectDirPath = "";
			projectRoot = "";
			targets = (
				098B2B672585B35100148BD4 /* exNavigationLink2 */,
				098B2B782585B35300148BD4 /* exNavigationLink2Tests */,
				098B2B832585B35300148BD4 /* exNavigationLink2UITests */,
			);
		};
/* End PBXProject section */

/* Begin PBXResourcesBuildPhase section */
		098B2B662585B35100148BD4 /* Resources */ = {
			isa = PBXResourcesBuildPhase;
			buildActionMask = 2147483647;
			files = (
				098B2B732585B35300148BD4 /* Preview Assets.xcassets in Resources */,
				098B2B702585B35300148BD4 /* Assets.xcassets in Resources */,
			);
			runOnlyForDeploymentPostprocessing = 0;
		};
		098B2B772585B35300148BD4 /* Resources */ = {
			isa = PBXResourcesBuildPhase;
			buildActionMask = 2147483647;
			files = (
			);
			runOnlyForDeploymentPostprocessing = 0;
		};
		098B2B822585B35300148BD4 /* Resources */ = {
			isa = PBXResourcesBuildPhase;
			buildActionMask = 2147483647;
			files = (
			);
			runOnlyForDeploymentPostprocessing = 0;
		};
/* End PBXResourcesBuildPhase section */

/* Begin PBXSourcesBuildPhase section */
		098B2B642585B35100148BD4 /* Sources */ = {
			isa = PBXSourcesBuildPhase;
			buildActionMask = 2147483647;
			files = (
				098B2B6E2585B35100148BD4 /* ContentView.swift in Sources */,
				098B2B6C2585B35100148BD4 /* exNavigationLink2App.swift in Sources */,
			);
			runOnlyForDeploymentPostprocessing = 0;
		};
		098B2B752585B35300148BD4 /* Sources */ = {
			isa = PBXSourcesBuildPhase;
			buildActionMask = 2147483647;
			files = (
				098B2B7E2585B35300148BD4 /* exNavigationLink2Tests.swift in Sources */,
			);
			runOnlyForDeploymentPostprocessing = 0;
		};
		098B2B802585B35300148BD4 /* Sources */ = {
			isa = PBXSourcesBuildPhase;
			buildActionMask = 2147483647;
			files = (
				098B2B892585B35300148BD4 /* exNavigationLink2UITests.swift in Sources */,
			);
			runOnlyForDeploymentPostprocessing = 0;
		};
/* End PBXSourcesBuildPhase section */

/* Begin PBXTargetDependency section */
		098B2B7B2585B35300148BD4 /* PBXTargetDependency */ = {
			isa = PBXTargetDependency;
			target = 098B2B672585B35100148BD4 /* exNavigationLink2 */;
			targetProxy = 098B2B7A2585B35300148BD4 /* PBXContainerItemProxy */;
		};
		098B2B862585B35300148BD4 /* PBXTargetDependency */ = {
			isa = PBXTargetDependency;
			target = 098B2B672585B35100148BD4 /* exNavigationLink2 */;
			targetProxy = 098B2B852585B35300148BD4 /* PBXContainerItemProxy */;
		};
/* End PBXTargetDependency section */

/* Begin XCBuildConfiguration section */
		098B2B8B2585B35300148BD4 /* Debug */ = {
			isa = XCBuildConfiguration;
			buildSettings = {
				ALWAYS_SEARCH_USER_PATHS = NO;
				CLANG_ANALYZER_NONNULL = YES;
				CLANG_ANALYZER_NUMBER_OBJECT_CONVERSION = YES_AGGRESSIVE;
				CLANG_CXX_LANGUAGE_STANDARD = "gnu++14";
				CLANG_CXX_LIBRARY = "libc++";
				CLANG_ENABLE_MODULES = YES;
				CLANG_ENABLE_OBJC_ARC = YES;
				CLANG_ENABLE_OBJC_WEAK = YES;
				CLANG_WARN_BLOCK_CAPTURE_AUTORELEASING = YES;
				CLANG_WARN_BOOL_CONVERSION = YES;
				CLANG_WARN_COMMA = YES;
				CLANG_WARN_CONSTANT_CONVERSION = YES;
				CLANG_WARN_DEPRECATED_OBJC_IMPLEMENTATIONS = YES;
				CLANG_WARN_DIRECT_OBJC_ISA_USAGE = YES_ERROR;
				CLANG_WARN_DOCUMENTATION_COMMENTS = YES;
				CLANG_WARN_EMPTY_BODY = YES;
				CLANG_WARN_ENUM_CONVERSION = YES;
				CLANG_WARN_INFINITE_RECURSION = YES;
				CLANG_WARN_INT_CONVERSION = YES;
				CLANG_WARN_NON_LITERAL_NULL_CONVERSION = YES;
				CLANG_WARN_OBJC_IMPLICIT_RETAIN_SELF = YES;
				CLANG_WARN_OBJC_LITERAL_CONVERSION = YES;
				CLANG_WARN_OBJC_ROOT_CLASS = YES_ERROR;
				CLANG_WARN_QUOTED_INCLUDE_IN_FRAMEWORK_HEADER = YES;
				CLANG_WARN_RANGE_LOOP_ANALYSIS = YES;
				CLANG_WARN_STRICT_PROTOTYPES = YES;
				CLANG_WARN_SUSPICIOUS_MOVE = YES;
				CLANG_WARN_UNGUARDED_AVAILABILITY = YES_AGGRESSIVE;
				CLANG_WARN_UNREACHABLE_CODE = YES;
				CLANG_WARN__DUPLICATE_METHOD_MATCH = YES;
				COPY_PHASE_STRIP = NO;
				DEBUG_INFORMATION_FORMAT = dwarf;
				ENABLE_STRICT_OBJC_MSGSEND = YES;
				ENABLE_TESTABILITY = YES;
				GCC_C_LANGUAGE_STANDARD = gnu11;
				GCC_DYNAMIC_NO_PIC = NO;
				GCC_NO_COMMON_BLOCKS = YES;
				GCC_OPTIMIZATION_LEVEL = 0;
				GCC_PREPROCESSOR_DEFINITIONS = (
					"DEBUG=1",
					"$(inherited)",
				);
				GCC_WARN_64_TO_32_BIT_CONVERSION = YES;
				GCC_WARN_ABOUT_RETURN_TYPE = YES_ERROR;
				GCC_WARN_UNDECLARED_SELECTOR = YES;
				GCC_WARN_UNINITIALIZED_AUTOS = YES_AGGRESSIVE;
				GCC_WARN_UNUSED_FUNCTION = YES;
				GCC_WARN_UNUSED_VARIABLE = YES;
				IPHONEOS_DEPLOYMENT_TARGET = 14.2;
				MTL_ENABLE_DEBUG_INFO = INCLUDE_SOURCE;
				MTL_FAST_MATH = YES;
				ONLY_ACTIVE_ARCH = YES;
				SDKROOT = iphoneos;
				SWIFT_ACTIVE_COMPILATION_CONDITIONS = DEBUG;
				SWIFT_OPTIMIZATION_LEVEL = "-Onone";
			};
			name = Debug;
		};
		098B2B8C2585B35300148BD4 /* Release */ = {
			isa = XCBuildConfiguration;
			buildSettings = {
				ALWAYS_SEARCH_USER_PATHS = NO;
				CLANG_ANALYZER_NONNULL = YES;
				CLANG_ANALYZER_NUMBER_OBJECT_CONVERSION = YES_AGGRESSIVE;
				CLANG_CXX_LANGUAGE_STANDARD = "gnu++14";
				CLANG_CXX_LIBRARY = "libc++";
				CLANG_ENABLE_MODULES = YES;
				CLANG_ENABLE_OBJC_ARC = YES;
				CLANG_ENABLE_OBJC_WEAK = YES;
				CLANG_WARN_BLOCK_CAPTURE_AUTORELEASING = YES;
				CLANG_WARN_BOOL_CONVERSION = YES;
				CLANG_WARN_COMMA = YES;
				CLANG_WARN_CONSTANT_CONVERSION = YES;
				CLANG_WARN_DEPRECATED_OBJC_IMPLEMENTATIONS = YES;
				CLANG_WARN_DIRECT_OBJC_ISA_USAGE = YES_ERROR;
				CLANG_WARN_DOCUMENTATION_COMMENTS = YES;
				CLANG_WARN_EMPTY_BODY = YES;
				CLANG_WARN_ENUM_CONVERSION = YES;
				CLANG_WARN_INFINITE_RECURSION = YES;
				CLANG_WARN_INT_CONVERSION = YES;
				CLANG_WARN_NON_LITERAL_NULL_CONVERSION = YES;
				CLANG_WARN_OBJC_IMPLICIT_RETAIN_SELF = YES;
				CLANG_WARN_OBJC_LITERAL_CONVERSION = YES;
				CLANG_WARN_OBJC_ROOT_CLASS = YES_ERROR;
				CLANG_WARN_QUOTED_INCLUDE_IN_FRAMEWORK_HEADER = YES;
				CLANG_WARN_RANGE_LOOP_ANALYSIS = YES;
				CLANG_WARN_STRICT_PROTOTYPES = YES;
				CLANG_WARN_SUSPICIOUS_MOVE = YES;
				CLANG_WARN_UNGUARDED_AVAILABILITY = YES_AGGRESSIVE;
				CLANG_WARN_UNREACHABLE_CODE = YES;
				CLANG_WARN__DUPLICATE_METHOD_MATCH = YES;
				COPY_PHASE_STRIP = NO;
				DEBUG_INFORMATION_FORMAT = "dwarf-with-dsym";
				ENABLE_NS_ASSERTIONS = NO;
				ENABLE_STRICT_OBJC_MSGSEND = YES;
				GCC_C_LANGUAGE_STANDARD = gnu11;
				GCC_NO_COMMON_BLOCKS = YES;
				GCC_WARN_64_TO_32_BIT_CONVERSION = YES;
				GCC_WARN_ABOUT_RETURN_TYPE = YES_ERROR;
				GCC_WARN_UNDECLARED_SELECTOR = YES;
				GCC_WARN_UNINITIALIZED_AUTOS = YES_AGGRESSIVE;
				GCC_WARN_UNUSED_FUNCTION = YES;
				GCC_WARN_UNUSED_VARIABLE = YES;
				IPHONEOS_DEPLOYMENT_TARGET = 14.2;
				MTL_ENABLE_DEBUG_INFO = NO;
				MTL_FAST_MATH = YES;
				SDKROOT = iphoneos;
				SWIFT_COMPILATION_MODE = wholemodule;
				SWIFT_OPTIMIZATION_LEVEL = "-O";
				VALIDATE_PRODUCT = YES;
			};
			name = Release;
		};
		098B2B8E2585B35300148BD4 /* Debug */ = {
			isa = XCBuildConfiguration;
			buildSettings = {
				ASSETCATALOG_COMPILER_APPICON_NAME = AppIcon;
				ASSETCATALOG_COMPILER_GLOBAL_ACCENT_COLOR_NAME = AccentColor;
				CODE_SIGN_STYLE = Automatic;
				DEVELOPMENT_ASSET_PATHS = "\"exNavigationLink2/Preview Content\"";
				DEVELOPMENT_TEAM = 49W77827TE;
				ENABLE_PREVIEWS = YES;
				INFOPLIST_FILE = exNavigationLink2/Info.plist;
				IPHONEOS_DEPLOYMENT_TARGET = 14.0;
				LD_RUNPATH_SEARCH_PATHS = (
					"$(inherited)",
					"@executable_path/Frameworks",
				);
				PRODUCT_BUNDLE_IDENTIFIER = com.bam.exNavigationLink2;
				PRODUCT_NAME = "$(TARGET_NAME)";
				SWIFT_VERSION = 5.0;
				TARGETED_DEVICE_FAMILY = "1,2";
			};
			name = Debug;
		};
		098B2B8F2585B35300148BD4 /* Release */ = {
			isa = XCBuildConfiguration;
			buildSettings = {
				ASSETCATALOG_COMPILER_APPICON_NAME = AppIcon;
				ASSETCATALOG_COMPILER_GLOBAL_ACCENT_COLOR_NAME = AccentColor;
				CODE_SIGN_STYLE = Automatic;
				DEVELOPMENT_ASSET_PATHS = "\"exNavigationLink2/Preview Content\"";
				DEVELOPMENT_TEAM = 49W77827TE;
				ENABLE_PREVIEWS = YES;
				INFOPLIST_FILE = exNavigationLink2/Info.plist;
				IPHONEOS_DEPLOYMENT_TARGET = 14.0;
				LD_RUNPATH_SEARCH_PATHS = (
					"$(inherited)",
					"@executable_path/Frameworks",
				);
				PRODUCT_BUNDLE_IDENTIFIER = com.bam.exNavigationLink2;
				PRODUCT_NAME = "$(TARGET_NAME)";
				SWIFT_VERSION = 5.0;
				TARGETED_DEVICE_FAMILY = "1,2";
			};
			name = Release;
		};
		098B2B912585B35300148BD4 /* Debug */ = {
			isa = XCBuildConfiguration;
			buildSettings = {
				ALWAYS_EMBED_SWIFT_STANDARD_LIBRARIES = YES;
				BUNDLE_LOADER = "$(TEST_HOST)";
				CODE_SIGN_STYLE = Automatic;
				DEVELOPMENT_TEAM = 49W77827TE;
				INFOPLIST_FILE = exNavigationLink2Tests/Info.plist;
				IPHONEOS_DEPLOYMENT_TARGET = 14.0;
				LD_RUNPATH_SEARCH_PATHS = (
					"$(inherited)",
					"@executable_path/Frameworks",
					"@loader_path/Frameworks",
				);
				PRODUCT_BUNDLE_IDENTIFIER = com.bam.exNavigationLink2Tests;
				PRODUCT_NAME = "$(TARGET_NAME)";
				SWIFT_VERSION = 5.0;
				TARGETED_DEVICE_FAMILY = "1,2";
				TEST_HOST = "$(BUILT_PRODUCTS_DIR)/exNavigationLink2.app/exNavigationLink2";
			};
			name = Debug;
		};
		098B2B922585B35300148BD4 /* Release */ = {
			isa = XCBuildConfiguration;
			buildSettings = {
				ALWAYS_EMBED_SWIFT_STANDARD_LIBRARIES = YES;
				BUNDLE_LOADER = "$(TEST_HOST)";
				CODE_SIGN_STYLE = Automatic;
				DEVELOPMENT_TEAM = 49W77827TE;
				INFOPLIST_FILE = exNavigationLink2Tests/Info.plist;
				IPHONEOS_DEPLOYMENT_TARGET = 14.0;
				LD_RUNPATH_SEARCH_PATHS = (
					"$(inherited)",
					"@executable_path/Frameworks",
					"@loader_path/Frameworks",
				);
				PRODUCT_BUNDLE_IDENTIFIER = com.bam.exNavigationLink2Tests;
				PRODUCT_NAME = "$(TARGET_NAME)";
				SWIFT_VERSION = 5.0;
				TARGETED_DEVICE_FAMILY = "1,2";
				TEST_HOST = "$(BUILT_PRODUCTS_DIR)/exNavigationLink2.app/exNavigationLink2";
			};
			name = Release;
		};
		098B2B942585B35300148BD4 /* Debug */ = {
			isa = XCBuildConfiguration;
			buildSettings = {
				ALWAYS_EMBED_SWIFT_STANDARD_LIBRARIES = YES;
				CODE_SIGN_STYLE = Automatic;
				DEVELOPMENT_TEAM = 49W77827TE;
				INFOPLIST_FILE = exNavigationLink2UITests/Info.plist;
				LD_RUNPATH_SEARCH_PATHS = (
					"$(inherited)",
					"@executable_path/Frameworks",
					"@loader_path/Frameworks",
				);
				PRODUCT_BUNDLE_IDENTIFIER = com.bam.exNavigationLink2UITests;
				PRODUCT_NAME = "$(TARGET_NAME)";
				SWIFT_VERSION = 5.0;
				TARGETED_DEVICE_FAMILY = "1,2";
				TEST_TARGET_NAME = exNavigationLink2;
			};
			name = Debug;
		};
		098B2B952585B35300148BD4 /* Release */ = {
			isa = XCBuildConfiguration;
			buildSettings = {
				ALWAYS_EMBED_SWIFT_STANDARD_LIBRARIES = YES;
				CODE_SIGN_STYLE = Automatic;
				DEVELOPMENT_TEAM = 49W77827TE;
				INFOPLIST_FILE = exNavigationLink2UITests/Info.plist;
				LD_RUNPATH_SEARCH_PATHS = (
					"$(inherited)",
					"@executable_path/Frameworks",
					"@loader_path/Frameworks",
				);
				PRODUCT_BUNDLE_IDENTIFIER = com.bam.exNavigationLink2UITests;
				PRODUCT_NAME = "$(TARGET_NAME)";
				SWIFT_VERSION = 5.0;
				TARGETED_DEVICE_FAMILY = "1,2";
				TEST_TARGET_NAME = exNavigationLink2;
			};
			name = Release;
		};
/* End XCBuildConfiguration section */

/* Begin XCConfigurationList section */
		098B2B632585B35100148BD4 /* Build configuration list for PBXProject "exNavigationLink2" */ = {
			isa = XCConfigurationList;
			buildConfigurations = (
				098B2B8B2585B35300148BD4 /* Debug */,
				098B2B8C2585B35300148BD4 /* Release */,
			);
			defaultConfigurationIsVisible = 0;
			defaultConfigurationName = Release;
		};
		098B2B8D2585B35300148BD4 /* Build configuration list for PBXNativeTarget "exNavigationLink2" */ = {
			isa = XCConfigurationList;
			buildConfigurations = (
				098B2B8E2585B35300148BD4 /* Debug */,
				098B2B8F2585B35300148BD4 /* Release */,
			);
			defaultConfigurationIsVisible = 0;
			defaultConfigurationName = Release;
		};
		098B2B902585B35300148BD4 /* Build configuration list for PBXNativeTarget "exNavigationLink2Tests" */ = {
			isa = XCConfigurationList;
			buildConfigurations = (
				098B2B912585B35300148BD4 /* Debug */,
				098B2B922585B35300148BD4 /* Release */,
			);
			defaultConfigurationIsVisible = 0;
			defaultConfigurationName = Release;
		};
		098B2B932585B35300148BD4 /* Build configuration list for PBXNativeTarget "exNavigationLink2UITests" */ = {
			isa = XCConfigurationList;
			buildConfigurations = (
				098B2B942585B35300148BD4 /* Debug */,
				098B2B952585B35300148BD4 /* Release */,
			);
			defaultConfigurationIsVisible = 0;
			defaultConfigurationName = Release;
		};
/* End XCConfigurationList section */
	};
	rootObject = 098B2B602585B35100148BD4 /* Project object */;
}
